
Microsoft Visual Studio Solution File, Format Version 12.00
# Visual Studio 2017
Project("{FAE04EC0-301F-11D3-BF4B-00C04F79EFBC}") = "Digit span", "Digit span.csproj", "{D0B39422-F4C6-7059-6EEF-F428EE4A8C24}"
EndProject
Project("{FAE04EC0-301F-11D3-BF4B-00C04F79EFBC}") = "Digit span", "Digit span.csproj", "{D0B39422-F4C6-7059-6EEF-F428EE4A8C24}"
EndProject
Project("{FAE04EC0-301F-11D3-BF4B-00C04F79EFBC}") = "Digit span.Editor", "Digit span.Editor.csproj", "{A5C9CFB7-3D24-DB81-F425-0A48978F43C6}"
EndProject
Project("{FAE04EC0-301F-11D3-BF4B-00C04F79EFBC}") = "Digit span.Editor", "Digit span.Editor.csproj", "{A5C9CFB7-3D24-DB81-F425-0A48978F43C6}"
EndProject
Project("{FAE04EC0-301F-11D3-BF4B-00C04F79EFBC}") = "Digit span.Editor", "Digit span.Editor.csproj", "{A5C9CFB7-3D24-DB81-F425-0A48978F43C6}"
EndProject
Global
	GlobalSection(SolutionConfigurationPlatforms) = preSolution
		Debug|Any CPU = Debug|Any CPU
		Release|Any CPU = Release|Any CPU
	EndGlobalSection
	GlobalSection(ProjectConfigurationPlatforms) = postSolution
		{D0B39422-F4C6-7059-6EEF-F428EE4A8C24}.Debug|Any CPU.ActiveCfg = Debug|Any CPU
		{D0B39422-F4C6-7059-6EEF-F428EE4A8C24}.Debug|Any CPU.Build.0 = Debug|Any CPU
		{D0B39422-F4C6-7059-6EEF-F428EE4A8C24}.Release|Any CPU.ActiveCfg = Release|Any CPU
		{D0B39422-F4C6-7059-6EEF-F428EE4A8C24}.Release|Any CPU.Build.0 = Release|Any CPU
		{D0B39422-F4C6-7059-6EEF-F428EE4A8C24}.Debug|Any CPU.ActiveCfg = Debug|Any CPU
		{D0B39422-F4C6-7059-6EEF-F428EE4A8C24}.Debug|Any CPU.Build.0 = Debug|Any CPU
		{D0B39422-F4C6-7059-6EEF-F428EE4A8C24}.Release|Any CPU.ActiveCfg = Release|Any CPU
		{D0B39422-F4C6-7059-6EEF-F428EE4A8C24}.Release|Any CPU.Build.0 = Release|Any CPU
		{A5C9CFB7-3D24-DB81-F425-0A48978F43C6}.Debug|Any CPU.ActiveCfg = Debug|Any CPU
		{A5C9CFB7-3D24-DB81-F425-0A48978F43C6}.Debug|Any CPU.Build.0 = Debug|Any CPU
		{A5C9CFB7-3D24-DB81-F425-0A48978F43C6}.Release|Any CPU.ActiveCfg = Release|Any CPU
		{A5C9CFB7-3D24-DB81-F425-0A48978F43C6}.Release|Any CPU.Build.0 = Release|Any CPU
		{A5C9CFB7-3D24-DB81-F425-0A48978F43C6}.Debug|Any CPU.ActiveCfg = Debug|Any CPU
		{A5C9CFB7-3D24-DB81-F425-0A48978F43C6}.Debug|Any CPU.Build.0 = Debug|Any CPU
		{A5C9CFB7-3D24-DB81-F425-0A48978F43C6}.Release|Any CPU.ActiveCfg = Release|Any CPU
		{A5C9CFB7-3D24-DB81-F425-0A48978F43C6}.Release|Any CPU.Build.0 = Release|Any CPU
		{A5C9CFB7-3D24-DB81-F425-0A48978F43C6}.Debug|Any CPU.ActiveCfg = Debug|Any CPU
		{A5C9CFB7-3D24-DB81-F425-0A48978F43C6}.Debug|Any CPU.Build.0 = Debug|Any CPU
		{A5C9CFB7-3D24-DB81-F425-0A48978F43C6}.Release|Any CPU.ActiveCfg = Release|Any CPU
		{A5C9CFB7-3D24-DB81-F425-0A48978F43C6}.Release|Any CPU.Build.0 = Release|Any CPU
	EndGlobalSection
	GlobalSection(SolutionProperties) = preSolution
		HideSolutionNode = FALSE
	EndGlobalSection
EndGlobal
